
Microsoft Visual Studio Solution File, Format Version 12.00
# Visual Studio Version 16
VisualStudioVersion = 16.0.28714.193
MinimumVisualStudioVersion = 10.0.40219.1
Project("{9A19103F-16F7-4668-BE54-9A1E7A4F7556}") = "Kros.KORM", "src\Kros.KORM.csproj", "{FD96C4FF-E562-4A5D-92B1-937AEA002192}"
EndProject
Project("{9A19103F-16F7-4668-BE54-9A1E7A4F7556}") = "Kros.KORM.UnitTests", "tests\Kros.KORM.UnitTests\Kros.KORM.UnitTests.csproj", "{5384F70F-75DD-4BE1-84B3-3DD4681BB622}"
EndProject
Project("{2150E333-8FDC-42A3-9474-1A3956D46DE8}") = "tests", "tests", "{F98075A9-AFBF-42A6-BF99-070F54BBA3EA}"
EndProject
Project("{778DAE3C-4631-46EA-AA77-85C1314464D9}") = "Kros.KORM.VB.UnitTests", "tests\Kros.KORM.VB.UnitTests\Kros.KORM.VB.UnitTests.vbproj", "{67731885-451B-42E2-BD2F-F885AC44432F}"
EndProject
Project("{2150E333-8FDC-42A3-9474-1A3956D46DE8}") = "Solution Items", "Solution Items", "{B1809F68-5FED-4F94-B754-68AEBAA21637}"
	ProjectSection(SolutionItems) = preProject
		build-and-test.yml = build-and-test.yml
		build-ci.yml = build-ci.yml
		build.yml = build.yml
	EndProjectSection
EndProject
Project("{9A19103F-16F7-4668-BE54-9A1E7A4F7556}") = "Kros.KORM.PerformanceTests", "tests\Kros.KORM.PerformanceTests\Kros.KORM.PerformanceTests.csproj", "{7DAE1DC7-4C58-41B5-AC88-86933E26095D}"
EndProject
Global
	GlobalSection(SolutionConfigurationPlatforms) = preSolution
		Debug|Any CPU = Debug|Any CPU
		Release|Any CPU = Release|Any CPU
	EndGlobalSection
	GlobalSection(ProjectConfigurationPlatforms) = postSolution
		{FD96C4FF-E562-4A5D-92B1-937AEA002192}.Debug|Any CPU.ActiveCfg = Debug|Any CPU
		{FD96C4FF-E562-4A5D-92B1-937AEA002192}.Debug|Any CPU.Build.0 = Debug|Any CPU
		{FD96C4FF-E562-4A5D-92B1-937AEA002192}.Release|Any CPU.ActiveCfg = Release|Any CPU
		{FD96C4FF-E562-4A5D-92B1-937AEA002192}.Release|Any CPU.Build.0 = Release|Any CPU
		{5384F70F-75DD-4BE1-84B3-3DD4681BB622}.Debug|Any CPU.ActiveCfg = Debug|Any CPU
		{5384F70F-75DD-4BE1-84B3-3DD4681BB622}.Debug|Any CPU.Build.0 = Debug|Any CPU
		{5384F70F-75DD-4BE1-84B3-3DD4681BB622}.Release|Any CPU.ActiveCfg = Release|Any CPU
		{5384F70F-75DD-4BE1-84B3-3DD4681BB622}.Release|Any CPU.Build.0 = Release|Any CPU
		{67731885-451B-42E2-BD2F-F885AC44432F}.Debug|Any CPU.ActiveCfg = Debug|Any CPU
		{67731885-451B-42E2-BD2F-F885AC44432F}.Debug|Any CPU.Build.0 = Debug|Any CPU
		{67731885-451B-42E2-BD2F-F885AC44432F}.Release|Any CPU.ActiveCfg = Release|Any CPU
		{67731885-451B-42E2-BD2F-F885AC44432F}.Release|Any CPU.Build.0 = Release|Any CPU
		{7DAE1DC7-4C58-41B5-AC88-86933E26095D}.Debug|Any CPU.ActiveCfg = Debug|Any CPU
		{7DAE1DC7-4C58-41B5-AC88-86933E26095D}.Debug|Any CPU.Build.0 = Debug|Any CPU
		{7DAE1DC7-4C58-41B5-AC88-86933E26095D}.Release|Any CPU.ActiveCfg = Release|Any CPU
		{7DAE1DC7-4C58-41B5-AC88-86933E26095D}.Release|Any CPU.Build.0 = Release|Any CPU
	EndGlobalSection
	GlobalSection(SolutionProperties) = preSolution
		HideSolutionNode = FALSE
	EndGlobalSection
	GlobalSection(NestedProjects) = preSolution
		{5384F70F-75DD-4BE1-84B3-3DD4681BB622} = {F98075A9-AFBF-42A6-BF99-070F54BBA3EA}
		{67731885-451B-42E2-BD2F-F885AC44432F} = {F98075A9-AFBF-42A6-BF99-070F54BBA3EA}
		{7DAE1DC7-4C58-41B5-AC88-86933E26095D} = {F98075A9-AFBF-42A6-BF99-070F54BBA3EA}
	EndGlobalSection
	GlobalSection(ExtensibilityGlobals) = postSolution
		SolutionGuid = {62686C83-FD22-48A7-B4B2-F4981D81D79E}
	EndGlobalSection
EndGlobal
